<?xml version="1.0" encoding="utf-8"?>
<Project ToolsVersion="4.0" xmlns="http://schemas.microsoft.com/developer/msbuild/2003">
  <ItemGroup>
    <Filter Include="Source Files">
      <UniqueIdentifier>{4FC737F1-C7A5-4376-A066-2A32D752A2FF}</UniqueIdentifier>
      <Extensions>cpp;c;cc;cxx;c++;cppm;ixx;def;odl;idl;hpj;bat;asm;asmx</Extensions>
    </Filter>
    <Filter Include="Source Files\Define">
      <UniqueIdentifier>{abbf069c-d7d2-44dc-83ad-8639f89fca54}</UniqueIdentifier>
    </Filter>
    <Filter Include="Source Files\Driver">
      <UniqueIdentifier>{5508f314-9915-40b0-9930-85a47a103c4f}</UniqueIdentifier>
    </Filter>
    <Filter Include="Source Files\Library">
      <UniqueIdentifier>{36b51166-6e6c-4bb5-a397-f44796c51e6a}</UniqueIdentifier>
    </Filter>
    <Filter Include="Source Files\Utils">
      <UniqueIdentifier>{06ee8f1e-c9cf-4684-aa17-12d0d666bdde}</UniqueIdentifier>
    </Filter>
  </ItemGroup>
  <ItemGroup>
    <ClCompile Include="Client.cpp">
      <Filter>Source Files</Filter>
    </ClCompile>
    <ClCompile Include="Inject.cpp">
      <Filter>Source Files</Filter>
    </ClCompile>
    <ClCompile Include="Driver\Driver.cpp">
      <Filter>Source Files\Driver</Filter>
    </ClCompile>
    <ClCompile Include="Utils\Hijack.cpp">
      <Filter>Source Files\Utils</Filter>
    </ClCompile>
    <ClCompile Include="Utils\MemoryUtils.cpp">
      <Filter>Source Files\Utils</Filter>
    </ClCompile>
  </ItemGroup>
  <ItemGroup>
    <ClInclude Include="Inject.h">
      <Filter>Source Files</Filter>
    </ClInclude>
    <ClInclude Include="Define\IA32.h">
      <Filter>Source Files\Define</Filter>
    </ClInclude>
    <ClInclude Include="Define\VAD.h">
      <Filter>Source Files\Define</Filter>
    </ClInclude>
    <ClInclude Include="Driver\CommunicationType.h">
      <Filter>Source Files\Driver</Filter>
    </ClInclude>
    <ClInclude Include="Driver\Driver.h">
      <Filter>Source Files\Driver</Filter>
    </ClInclude>
    <ClInclude Include="Library\skCrypter.h">
      <Filter>Source Files\Library</Filter>
    </ClInclude>
    <ClInclude Include="Utils\Hijack.h">
      <Filter>Source Files\Utils</Filter>
    </ClInclude>
    <ClInclude Include="Utils\MemoryUtils.h">
      <Filter>Source Files\Utils</Filter>
    </ClInclude>
  </ItemGroup>
</Project>